
Microsoft Visual Studio Solution File, Format Version 12.00
# Visual Studio Version 17
VisualStudioVersion = 17.9.34616.47
MinimumVisualStudioVersion = 10.0.40219.1
Project("{FAE04EC0-301F-11D3-BF4B-00C04F79EFBC}") = "Leap years", "Leap years.csproj", "{0B69D01D-DE47-46BA-86F7-43F1380C331C}"
EndProject
Global
	GlobalSection(SolutionConfigurationPlatforms) = preSolution
		Debug|Any CPU = Debug|Any CPU
		Release|Any CPU = Release|Any CPU
	EndGlobalSection
	GlobalSection(ProjectConfigurationPlatforms) = postSolution
		{0B69D01D-DE47-46BA-86F7-43F1380C331C}.Debug|Any CPU.ActiveCfg = Debug|Any CPU
		{0B69D01D-DE47-46BA-86F7-43F1380C331C}.Debug|Any CPU.Build.0 = Debug|Any CPU
		{0B69D01D-DE47-46BA-86F7-43F1380C331C}.Release|Any CPU.ActiveCfg = Release|Any CPU
		{0B69D01D-DE47-46BA-86F7-43F1380C331C}.Release|Any CPU.Build.0 = Release|Any CPU
	EndGlobalSection
	GlobalSection(SolutionProperties) = preSolution
		HideSolutionNode = FALSE
	EndGlobalSection
	GlobalSection(ExtensibilityGlobals) = postSolution
		SolutionGuid = {7E67079D-12A8-448C-A837-235CB574DB15}
	EndGlobalSection
EndGlobal
